
Microsoft Visual Studio Solution File, Format Version 12.00
# Visual Studio Version 16
VisualStudioVersion = 16.0.30517.126
MinimumVisualStudioVersion = 10.0.40219.1
Project("{9A19103F-16F7-4668-BE54-9A1E7A4F7556}") = "ExpenseTracker.API", "ExpenseTracker.API\ExpenseTracker.API.csproj", "{28BC7F12-B65F-46F0-B7B8-5C4826F3C56D}"
EndProject
Project("{FAE04EC0-301F-11D3-BF4B-00C04F79EFBC}") = "ExpenseTracker.Shared", "ExpenseTracker.Shared\ExpenseTracker.Shared.csproj", "{4BD5B842-154E-4B04-8433-FAF8954BC828}"
EndProject
Global
	GlobalSection(SolutionConfigurationPlatforms) = preSolution
		Debug|Any CPU = Debug|Any CPU
		Release|Any CPU = Release|Any CPU
	EndGlobalSection
	GlobalSection(ProjectConfigurationPlatforms) = postSolution
		{28BC7F12-B65F-46F0-B7B8-5C4826F3C56D}.Debug|Any CPU.ActiveCfg = Debug|Any CPU
		{28BC7F12-B65F-46F0-B7B8-5C4826F3C56D}.Debug|Any CPU.Build.0 = Debug|Any CPU
		{28BC7F12-B65F-46F0-B7B8-5C4826F3C56D}.Release|Any CPU.ActiveCfg = Release|Any CPU
		{28BC7F12-B65F-46F0-B7B8-5C4826F3C56D}.Release|Any CPU.Build.0 = Release|Any CPU
		{4BD5B842-154E-4B04-8433-FAF8954BC828}.Debug|Any CPU.ActiveCfg = Debug|Any CPU
		{4BD5B842-154E-4B04-8433-FAF8954BC828}.Debug|Any CPU.Build.0 = Debug|Any CPU
		{4BD5B842-154E-4B04-8433-FAF8954BC828}.Release|Any CPU.ActiveCfg = Release|Any CPU
		{4BD5B842-154E-4B04-8433-FAF8954BC828}.Release|Any CPU.Build.0 = Release|Any CPU
	EndGlobalSection
	GlobalSection(SolutionProperties) = preSolution
		HideSolutionNode = FALSE
	EndGlobalSection
	GlobalSection(ExtensibilityGlobals) = postSolution
		SolutionGuid = {188BF391-9EB9-4CC7-94BD-FA140EC39898}
	EndGlobalSection
EndGlobal
